{
  "version": 4,
  "terraform_version": "1.6.4",
  "serial": 6,
  "lineage": "a3a5af03-bd30-f440-9a92-7e99f261f236",
  "outputs": {},
  "resources": [
    {
      "mode": "managed",
      "type": "azurerm_container_registry",
      "name": "this",
      "provider": "provider[\"registry.terraform.io/hashicorp/azurerm\"]",
      "instances": [
        {
          "schema_version": 2,
          "attributes": {
            "admin_enabled": true,
            "admin_password": "YrkBkDdHL8HBadbYgo++m7lXax2V2/2FyQhsUn05lb+ACRAXIKmx",
            "admin_username": "acrlabwelooong",
            "anonymous_pull_enabled": false,
            "data_endpoint_enabled": false,
            "encryption": [
              {
                "enabled": false,
                "identity_client_id": "",
                "key_vault_key_id": ""
              }
            ],
            "export_policy_enabled": true,
            "georeplications": [],
            "id": "/subscriptions/93d766cd-3fe1-4374-b828-80df189a3499/resourceGroups/rg-lab-we-looong/providers/Microsoft.ContainerRegistry/registries/acrlabwelooong",
            "identity": [],
            "location": "westeurope",
            "login_server": "acrlabwelooong.azurecr.io",
            "name": "acrlabwelooong",
            "network_rule_bypass_option": "AzureServices",
            "network_rule_set": [],
            "public_network_access_enabled": true,
            "quarantine_policy_enabled": false,
            "resource_group_name": "rg-lab-we-looong",
            "retention_policy": [
              {
                "days": 7,
                "enabled": false
              }
            ],
            "sku": "Basic",
            "tags": null,
            "timeouts": null,
            "trust_policy": [
              {
                "enabled": false
              }
            ],
            "zone_redundancy_enabled": false
          },
          "sensitive_attributes": [],
          "private": "eyJlMmJmYjczMC1lY2FhLTExZTYtOGY4OC0zNDM2M2JjN2M0YzAiOnsiY3JlYXRlIjoxODAwMDAwMDAwMDAwLCJkZWxldGUiOjE4MDAwMDAwMDAwMDAsInJlYWQiOjMwMDAwMDAwMDAwMCwidXBkYXRlIjoxODAwMDAwMDAwMDAwfSwic2NoZW1hX3ZlcnNpb24iOiIyIn0=",
          "dependencies": [
            "azurerm_resource_group.this"
          ]
        }
      ]
    },
    {
      "mode": "managed",
      "type": "azurerm_container_registry_webhook",
      "name": "this",
      "provider": "provider[\"registry.terraform.io/hashicorp/azurerm\"]",
      "instances": [
        {
          "schema_version": 0,
          "attributes": {
            "actions": [
              "push"
            ],
            "custom_headers": null,
            "id": "/subscriptions/93d766cd-3fe1-4374-b828-80df189a3499/resourceGroups/rg-lab-we-looong/providers/Microsoft.ContainerRegistry/registries/acrlabwelooong/webhooks/webhookwalabwelooong",
            "location": "westeurope",
            "name": "webhookwalabwelooong",
            "registry_name": "acrlabwelooong",
            "resource_group_name": "rg-lab-we-looong",
            "scope": "azure-lab:latest",
            "service_uri": "https://$wa-lab-we-looong:STYdrXYdF5blAN2EA95Wmerd4bfFiCfl5dZa0dbFtz7KLRZrwQnApjzDzoyw@wa-lab-we-looong.scm.azurewebsites.net/docker/hook",
            "status": "enabled",
            "tags": null,
            "timeouts": null
          },
          "sensitive_attributes": [],
          "private": "eyJlMmJmYjczMC1lY2FhLTExZTYtOGY4OC0zNDM2M2JjN2M0YzAiOnsiY3JlYXRlIjoxODAwMDAwMDAwMDAwLCJkZWxldGUiOjE4MDAwMDAwMDAwMDAsInJlYWQiOjMwMDAwMDAwMDAwMCwidXBkYXRlIjoxODAwMDAwMDAwMDAwfX0=",
          "dependencies": [
            "azurerm_container_registry.this",
            "azurerm_linux_web_app.this",
            "azurerm_resource_group.this",
            "azurerm_service_plan.this"
          ]
        }
      ]
    },
    {
      "mode": "managed",
      "type": "azurerm_linux_web_app",
      "name": "this",
      "provider": "provider[\"registry.terraform.io/hashicorp/azurerm\"]",
      "instances": [
        {
          "schema_version": 0,
          "attributes": {
            "app_settings": {
              "DOCKER_ENABLE_CI": "true",
              "DOCKER_REGISTRY_SERVER_PASSWORD": "YrkBkDdHL8HBadbYgo++m7lXax2V2/2FyQhsUn05lb+ACRAXIKmx",
              "DOCKER_REGISTRY_SERVER_URL": "https://acrlabwelooong.azurecr.io",
              "DOCKER_REGISTRY_SERVER_USERNAME": "acrlabwelooong",
              "PORT": "8080",
              "WEBSITES_ENABLE_APP_SERVICE_STORAGE": "false",
              "WEBSITES_PORT": "8080"
            },
            "auth_settings": [
              {
                "active_directory": [],
                "additional_login_parameters": {},
                "allowed_external_redirect_urls": [],
                "default_provider": "",
                "enabled": false,
                "facebook": [],
                "github": [],
                "google": [],
                "issuer": "",
                "microsoft": [],
                "runtime_version": "",
                "token_refresh_extension_hours": 0,
                "token_store_enabled": false,
                "twitter": [],
                "unauthenticated_client_action": ""
              }
            ],
            "backup": [],
            "client_affinity_enabled": false,
            "client_certificate_enabled": false,
            "client_certificate_mode": "Required",
            "connection_string": [],
            "custom_domain_verification_id": "90FDDC7DD377DD703A053726F957E418A57A1648D2273760D549658DD26FFA01",
            "default_hostname": "wa-lab-we-looong.azurewebsites.net",
            "enabled": true,
            "https_only": false,
            "id": "/subscriptions/93d766cd-3fe1-4374-b828-80df189a3499/resourceGroups/rg-lab-we-looong/providers/Microsoft.Web/sites/wa-lab-we-looong",
            "identity": [
              {
                "identity_ids": null,
                "principal_id": "88d4a40b-1db0-4ae1-9751-b0e27c6b4e3b",
                "tenant_id": "3983215b-1ae5-4825-a103-2698bda72da1",
                "type": "SystemAssigned"
              }
            ],
            "key_vault_reference_identity_id": "SystemAssigned",
            "kind": "app,linux,container",
            "location": "westeurope",
            "logs": [],
            "name": "wa-lab-we-looong",
            "outbound_ip_address_list": [
              "20.8.20.201",
              "20.8.20.216",
              "20.8.19.69",
              "20.8.20.217",
              "20.8.21.120",
              "20.8.21.121",
              "20.31.12.199",
              "4.175.242.173",
              "20.8.17.65",
              "4.175.245.22",
              "4.175.246.32",
              "4.175.246.56",
              "20.105.224.46"
            ],
            "outbound_ip_addresses": "20.8.20.201,20.8.20.216,20.8.19.69,20.8.20.217,20.8.21.120,20.8.21.121,20.31.12.199,4.175.242.173,20.8.17.65,4.175.245.22,4.175.246.32,4.175.246.56,20.105.224.46",
            "possible_outbound_ip_address_list": [
              "20.8.20.201",
              "20.8.20.216",
              "20.8.19.69",
              "20.8.20.217",
              "20.8.21.120",
              "20.8.21.121",
              "20.31.12.199",
              "4.175.242.173",
              "20.8.17.65",
              "4.175.245.22",
              "4.175.246.32",
              "4.175.246.56",
              "20.31.15.84",
              "20.31.15.85",
              "20.8.16.157",
              "20.8.17.122",
              "20.8.18.60",
              "20.8.19.55",
              "20.76.228.97",
              "20.8.20.48",
              "20.8.20.19",
              "20.8.21.128",
              "20.8.20.130",
              "20.8.20.157",
              "20.8.20.201",
              "20.8.20.216",
              "20.8.19.69",
              "20.8.20.217",
              "20.8.21.120",
              "20.8.21.121",
              "20.8.21.188",
              "20.8.21.210",
              "20.8.21.211",
              "20.8.21.214",
              "20.8.21.215",
              "20.8.22.0",
              "20.105.224.46"
            ],
            "possible_outbound_ip_addresses": "20.8.20.201,20.8.20.216,20.8.19.69,20.8.20.217,20.8.21.120,20.8.21.121,20.31.12.199,4.175.242.173,20.8.17.65,4.175.245.22,4.175.246.32,4.175.246.56,20.31.15.84,20.31.15.85,20.8.16.157,20.8.17.122,20.8.18.60,20.8.19.55,20.76.228.97,20.8.20.48,20.8.20.19,20.8.21.128,20.8.20.130,20.8.20.157,20.8.20.201,20.8.20.216,20.8.19.69,20.8.20.217,20.8.21.120,20.8.21.121,20.8.21.188,20.8.21.210,20.8.21.211,20.8.21.214,20.8.21.215,20.8.22.0,20.105.224.46",
            "resource_group_name": "rg-lab-we-looong",
            "service_plan_id": "/subscriptions/93d766cd-3fe1-4374-b828-80df189a3499/resourceGroups/rg-lab-we-looong/providers/Microsoft.Web/serverfarms/asp-lab-we-looong",
            "site_config": [
              {
                "always_on": true,
                "api_definition_url": "",
                "api_management_api_id": "",
                "app_command_line": "",
                "application_stack": [
                  {
                    "docker_image": "acrlabwelooong.azurecr.io/azure-lab",
                    "docker_image_tag": "latest",
                    "dotnet_version": "",
                    "java_server": "",
                    "java_server_version": "",
                    "java_version": "",
                    "node_version": "",
                    "php_version": "",
                    "python_version": "",
                    "ruby_version": ""
                  }
                ],
                "auto_heal_enabled": false,
                "auto_heal_setting": [],
                "container_registry_managed_identity_client_id": "",
                "container_registry_use_managed_identity": false,
                "cors": [],
                "default_documents": [
                  "Default.htm",
                  "Default.html",
                  "Default.asp",
                  "index.htm",
                  "index.html",
                  "iisstart.htm",
                  "default.aspx",
                  "index.php",
                  "hostingstart.html"
                ],
                "detailed_error_logging_enabled": false,
                "ftps_state": "Disabled",
                "health_check_eviction_time_in_min": 0,
                "health_check_path": "",
                "http2_enabled": false,
                "ip_restriction": [],
                "linux_fx_version": "DOCKER|acrlabwelooong.azurecr.io/azure-lab:latest",
                "load_balancing_mode": "LeastRequests",
                "local_mysql_enabled": false,
                "managed_pipeline_mode": "Integrated",
                "minimum_tls_version": "1.2",
                "remote_debugging_enabled": false,
                "remote_debugging_version": "VS2019",
                "scm_ip_restriction": [],
                "scm_minimum_tls_version": "1.2",
                "scm_type": "None",
                "scm_use_main_ip_restriction": false,
                "use_32_bit_worker": true,
                "vnet_route_all_enabled": false,
                "websockets_enabled": false,
                "worker_count": 1
              }
            ],
            "site_credential": [
              {
                "name": "$wa-lab-we-looong",
                "password": "STYdrXYdF5blAN2EA95Wmerd4bfFiCfl5dZa0dbFtz7KLRZrwQnApjzDzoyw"
              }
            ],
            "sticky_settings": [],
            "storage_account": [],
            "tags": null,
            "timeouts": null,
            "virtual_network_subnet_id": "",
            "zip_deploy_file": ""
          },
          "sensitive_attributes": [
            [
              {
                "type": "get_attr",
                "value": "app_settings"
              },
              {
                "type": "index",
                "value": {
                  "value": "DOCKER_REGISTRY_SERVER_PASSWORD",
                  "type": "string"
                }
              }
            ]
          ],
          "private": "eyJlMmJmYjczMC1lY2FhLTExZTYtOGY4OC0zNDM2M2JjN2M0YzAiOnsiY3JlYXRlIjoxODAwMDAwMDAwMDAwLCJkZWxldGUiOjE4MDAwMDAwMDAwMDAsInJlYWQiOjMwMDAwMDAwMDAwMCwidXBkYXRlIjoxODAwMDAwMDAwMDAwfX0=",
          "dependencies": [
            "azurerm_container_registry.this",
            "azurerm_resource_group.this",
            "azurerm_service_plan.this"
          ]
        }
      ]
    },
    {
      "mode": "managed",
      "type": "azurerm_resource_group",
      "name": "this",
      "provider": "provider[\"registry.terraform.io/hashicorp/azurerm\"]",
      "instances": [
        {
          "schema_version": 0,
          "attributes": {
            "id": "/subscriptions/93d766cd-3fe1-4374-b828-80df189a3499/resourceGroups/rg-lab-we-looong",
            "location": "westeurope",
            "name": "rg-lab-we-looong",
            "tags": null,
            "timeouts": null
          },
          "sensitive_attributes": [],
          "private": "eyJlMmJmYjczMC1lY2FhLTExZTYtOGY4OC0zNDM2M2JjN2M0YzAiOnsiY3JlYXRlIjo1NDAwMDAwMDAwMDAwLCJkZWxldGUiOjU0MDAwMDAwMDAwMDAsInJlYWQiOjMwMDAwMDAwMDAwMCwidXBkYXRlIjo1NDAwMDAwMDAwMDAwfX0="
        }
      ]
    },
    {
      "mode": "managed",
      "type": "azurerm_service_plan",
      "name": "this",
      "provider": "provider[\"registry.terraform.io/hashicorp/azurerm\"]",
      "instances": [
        {
          "schema_version": 0,
          "attributes": {
            "app_service_environment_id": "",
            "id": "/subscriptions/93d766cd-3fe1-4374-b828-80df189a3499/resourceGroups/rg-lab-we-looong/providers/Microsoft.Web/serverfarms/asp-lab-we-looong",
            "kind": "linux",
            "location": "westeurope",
            "maximum_elastic_worker_count": 1,
            "name": "asp-lab-we-looong",
            "os_type": "Linux",
            "per_site_scaling_enabled": false,
            "reserved": true,
            "resource_group_name": "rg-lab-we-looong",
            "sku_name": "B1",
            "tags": null,
            "timeouts": null,
            "worker_count": 1,
            "zone_balancing_enabled": false
          },
          "sensitive_attributes": [],
          "private": "eyJlMmJmYjczMC1lY2FhLTExZTYtOGY4OC0zNDM2M2JjN2M0YzAiOnsiY3JlYXRlIjozNjAwMDAwMDAwMDAwLCJkZWxldGUiOjM2MDAwMDAwMDAwMDAsInJlYWQiOjMwMDAwMDAwMDAwMCwidXBkYXRlIjozNjAwMDAwMDAwMDAwfX0=",
          "dependencies": [
            "azurerm_resource_group.this"
          ]
        }
      ]
    }
  ],
  "check_results": null
}
